
Microsoft Visual Studio Solution File, Format Version 12.00
# Visual Studio Version 17
VisualStudioVersion = 17.8.34330.188
MinimumVisualStudioVersion = 10.0.40219.1
Project("{888888A0-9F3D-457C-B088-3A5042F75D52}") = "Course Project Phase 4", "Course Project Phase 4.pyproj", "{4F8CB836-F3C7-43DB-98C3-150F46502263}"
EndProject
Global
	GlobalSection(SolutionConfigurationPlatforms) = preSolution
		Debug|Any CPU = Debug|Any CPU
		Release|Any CPU = Release|Any CPU
	EndGlobalSection
	GlobalSection(ProjectConfigurationPlatforms) = postSolution
		{4F8CB836-F3C7-43DB-98C3-150F46502263}.Debug|Any CPU.ActiveCfg = Debug|Any CPU
		{4F8CB836-F3C7-43DB-98C3-150F46502263}.Release|Any CPU.ActiveCfg = Release|Any CPU
	EndGlobalSection
	GlobalSection(SolutionProperties) = preSolution
		HideSolutionNode = FALSE
	EndGlobalSection
	GlobalSection(ExtensibilityGlobals) = postSolution
		SolutionGuid = {9FA0207B-BC78-4AC6-8B3B-38E3A23EBF39}
	EndGlobalSection
EndGlobal
